
Microsoft Visual Studio Solution File, Format Version 12.00
# Visual Studio 15
VisualStudioVersion = 15.0.28107.0
MinimumVisualStudioVersion = 10.0.40219.1
Project("{9A19103F-16F7-4668-BE54-9A1E7A4F7556}") = "WebApplication1", "WebApplication1\WebApplication1.csproj", "{31AB9DCA-91F0-4578-8524-AAEDD1826E32}"
EndProject
Project("{9A19103F-16F7-4668-BE54-9A1E7A4F7556}") = "BlazorApp1", "BlazorApp1\BlazorApp1.csproj", "{EE806735-7421-42D2-AB5D-C8D9F41E7A13}"
EndProject
Global
	GlobalSection(SolutionConfigurationPlatforms) = preSolution
		Debug|Any CPU = Debug|Any CPU
		Release|Any CPU = Release|Any CPU
	EndGlobalSection
	GlobalSection(ProjectConfigurationPlatforms) = postSolution
		{31AB9DCA-91F0-4578-8524-AAEDD1826E32}.Debug|Any CPU.ActiveCfg = Debug|Any CPU
		{31AB9DCA-91F0-4578-8524-AAEDD1826E32}.Debug|Any CPU.Build.0 = Debug|Any CPU
		{31AB9DCA-91F0-4578-8524-AAEDD1826E32}.Release|Any CPU.ActiveCfg = Release|Any CPU
		{31AB9DCA-91F0-4578-8524-AAEDD1826E32}.Release|Any CPU.Build.0 = Release|Any CPU
		{EE806735-7421-42D2-AB5D-C8D9F41E7A13}.Debug|Any CPU.ActiveCfg = Debug|Any CPU
		{EE806735-7421-42D2-AB5D-C8D9F41E7A13}.Debug|Any CPU.Build.0 = Debug|Any CPU
		{EE806735-7421-42D2-AB5D-C8D9F41E7A13}.Release|Any CPU.ActiveCfg = Release|Any CPU
		{EE806735-7421-42D2-AB5D-C8D9F41E7A13}.Release|Any CPU.Build.0 = Release|Any CPU
	EndGlobalSection
	GlobalSection(SolutionProperties) = preSolution
		HideSolutionNode = FALSE
	EndGlobalSection
	GlobalSection(ExtensibilityGlobals) = postSolution
		SolutionGuid = {1CB2E1D5-80CF-453F-925A-70386EACC96C}
	EndGlobalSection
EndGlobal
